{
  "name": "nodebench",
  "version": "0.0.1",
  "lockfileVersion": 1,
  "requires": true,
  "dependencies": {
    "@etk/jsonrpc": {
      "version": "https://registry.npmjs.org/@etk/jsonrpc/-/jsonrpc-1.2.8.tgz",
      "integrity": "sha1-tOVKkkK4zEhD5ABt/b3RhkTDlMQ=",
      "requires": {
        "json-less": "https://registry.npmjs.org/json-less/-/json-less-0.2.7.tgz",
        "utls": "https://registry.npmjs.org/utls/-/utls-0.2.19.tgz"
      }
    },
    "benchmark": {
      "version": "https://registry.npmjs.org/benchmark/-/benchmark-2.1.2.tgz",
      "integrity": "sha1-BnbYLlYNgtLzF/gs8IWEg5Vae/4=",
      "requires": {
        "lodash": "https://registry.npmjs.org/lodash/-/lodash-4.17.2.tgz",
        "platform": "https://registry.npmjs.org/platform/-/platform-1.3.3.tgz"
      }
    },
    "fast.js": {
      "version": "0.1.1",
      "resolved": "https://registry.npmjs.org/fast.js/-/fast.js-0.1.1.tgz",
      "integrity": "sha1-fAJNVa4USIL7zuRLeQBf4tyr2f4="
    },
    "json-less": {
      "version": "https://registry.npmjs.org/json-less/-/json-less-0.2.7.tgz",
      "integrity": "sha1-+AI8EdwmctnzWXQEycbIVoIk1y4=",
      "requires": {
        "utls": "https://registry.npmjs.org/utls/-/utls-0.2.19.tgz"
      }
    },
    "lodash": {
      "version": "https://registry.npmjs.org/lodash/-/lodash-4.17.2.tgz",
      "integrity": "sha1-NKMFW6vgTOQkZ7YH1wAHLH/2v0I="
    },
    "node-object-hash": {
      "version": "1.3.0",
      "resolved": "https://registry.npmjs.org/node-object-hash/-/node-object-hash-1.3.0.tgz",
      "integrity": "sha512-/IHFGoMJWIAcFbrI3KYx6TUmHdBXRZXACAVbkHzYB39JZzoVqgme7wcMnhrOwCvrO8HfIipFTBhELJFMhiw1mg=="
    },
    "object-hash": {
      "version": "1.2.0",
      "resolved": "https://registry.npmjs.org/object-hash/-/object-hash-1.2.0.tgz",
      "integrity": "sha512-smRWXzkvxw72VquyZ0wggySl7PFUtoDhvhpdwgESXxUrH7vVhhp9asfup1+rVLrhsl7L45Ee1Q/l5R2Ul4MwUg=="
    },
    "platform": {
      "version": "https://registry.npmjs.org/platform/-/platform-1.3.3.tgz",
      "integrity": "sha1-ZGx3ARiZhwtqCQPnXpl+jlHadGE="
    },
    "serdes": {
      "version": "1.0.0",
      "resolved": "https://registry.npmjs.org/serdes/-/serdes-1.0.0.tgz",
      "integrity": "sha1-sePbXcOpPpp2F6nRJUBYonDpNQ0="
    },
    "utls": {
      "version": "https://registry.npmjs.org/utls/-/utls-0.2.19.tgz",
      "integrity": "sha1-LTbl39tNjxA4RFIIWTxAPYN+uDQ="
    }
  }
}
